
Microsoft Visual Studio Solution File, Format Version 12.00
# Visual Studio Version 17
VisualStudioVersion = 17.4.33213.308
MinimumVisualStudioVersion = 10.0.40219.1
Project("{F184B08F-C81C-45F6-A57F-5ABD9991F28F}") = "apipokeomn", "apipokeomn\apipokeomn.vbproj", "{597DE5CC-8887-46B1-AE9B-F186FBA26186}"
EndProject
Global
	GlobalSection(SolutionConfigurationPlatforms) = preSolution
		Debug|Any CPU = Debug|Any CPU
		Release|Any CPU = Release|Any CPU
	EndGlobalSection
	GlobalSection(ProjectConfigurationPlatforms) = postSolution
		{597DE5CC-8887-46B1-AE9B-F186FBA26186}.Debug|Any CPU.ActiveCfg = Debug|Any CPU
		{597DE5CC-8887-46B1-AE9B-F186FBA26186}.Debug|Any CPU.Build.0 = Debug|Any CPU
		{597DE5CC-8887-46B1-AE9B-F186FBA26186}.Release|Any CPU.ActiveCfg = Release|Any CPU
		{597DE5CC-8887-46B1-AE9B-F186FBA26186}.Release|Any CPU.Build.0 = Release|Any CPU
	EndGlobalSection
	GlobalSection(SolutionProperties) = preSolution
		HideSolutionNode = FALSE
	EndGlobalSection
	GlobalSection(ExtensibilityGlobals) = postSolution
		SolutionGuid = {32ECFFF3-DB1C-4F35-9DFB-493983D81296}
	EndGlobalSection
EndGlobal
